// !$*UTF8*$!
{
	archiveVersion = 1;
	classes = {
	};
	objectVersion = 50;
	objects = {

/* Begin PBXBuildFile section */
		0424B22121D5609E0005E3C3 /* AuthService.swift in Sources */ = {isa = PBXBuildFile; fileRef = 0424B22021D5609E0005E3C3 /* AuthService.swift */; };
		0424B22721D66BE60005E3C3 /* CustomTextField.swift in Sources */ = {isa = PBXBuildFile; fileRef = 0424B22621D66BE50005E3C3 /* CustomTextField.swift */; };
		0424B22921D66CE00005E3C3 /* UITextField+Button.swift in Sources */ = {isa = PBXBuildFile; fileRef = 0424B22821D66CE00005E3C3 /* UITextField+Button.swift */; };
		0424B22B21D679440005E3C3 /* ForgotPasswordVC.swift in Sources */ = {isa = PBXBuildFile; fileRef = 0424B22A21D679440005E3C3 /* ForgotPasswordVC.swift */; };
		0424B22D21D688CA0005E3C3 /* UIViewController+Spinner.swift in Sources */ = {isa = PBXBuildFile; fileRef = 0424B22C21D688C90005E3C3 /* UIViewController+Spinner.swift */; };
		0424B22F21D692250005E3C3 /* UIViewController+Alert.swift in Sources */ = {isa = PBXBuildFile; fileRef = 0424B22E21D692250005E3C3 /* UIViewController+Alert.swift */; };
		042DC18921DCFD98000F7114 /* PostViewModel.swift in Sources */ = {isa = PBXBuildFile; fileRef = 042DC18821DCFD98000F7114 /* PostViewModel.swift */; };
		042DC18B21DCFE23000F7114 /* PostService.swift in Sources */ = {isa = PBXBuildFile; fileRef = 042DC18A21DCFE23000F7114 /* PostService.swift */; };
		042DC19021DE74D4000F7114 /* PostInfoVC.swift in Sources */ = {isa = PBXBuildFile; fileRef = 042DC18E21DE74D4000F7114 /* PostInfoVC.swift */; };
		042DC19121DE74D4000F7114 /* PostInfoVC.xib in Resources */ = {isa = PBXBuildFile; fileRef = 042DC18F21DE74D4000F7114 /* PostInfoVC.xib */; };
		042DC19421DE9996000F7114 /* AllPostsVC.swift in Sources */ = {isa = PBXBuildFile; fileRef = 042DC19321DE9996000F7114 /* AllPostsVC.swift */; };
		042DC19621DE9A8B000F7114 /* PostTableViewCell.swift in Sources */ = {isa = PBXBuildFile; fileRef = 042DC19521DE9A8B000F7114 /* PostTableViewCell.swift */; };
		044556CA21D7B52000C474C1 /* UserService.swift in Sources */ = {isa = PBXBuildFile; fileRef = 044556C921D7B52000C474C1 /* UserService.swift */; };
		044556CC21D7B53800C474C1 /* FirebaseService.swift in Sources */ = {isa = PBXBuildFile; fileRef = 044556CB21D7B53800C474C1 /* FirebaseService.swift */; };
		044556D221DBA71F00C474C1 /* AddPostVC.swift in Sources */ = {isa = PBXBuildFile; fileRef = 044556D121DBA71F00C474C1 /* AddPostVC.swift */; };
		04763B3F21D0E60400421DA0 /* FirebaseAuthService.swift in Sources */ = {isa = PBXBuildFile; fileRef = 04763B3E21D0E60300421DA0 /* FirebaseAuthService.swift */; };
		04763B4321D0ED3200421DA0 /* SignUpVC.swift in Sources */ = {isa = PBXBuildFile; fileRef = 04763B4221D0ED3200421DA0 /* SignUpVC.swift */; };
		049EC90521E3C9CA0061F7A1 /* TableView+GetIndexPath.swift in Sources */ = {isa = PBXBuildFile; fileRef = 049EC90421E3C9CA0061F7A1 /* TableView+GetIndexPath.swift */; };
		049EC90921E3F25E0061F7A1 /* SpinnerView.swift in Sources */ = {isa = PBXBuildFile; fileRef = 049EC90821E3F25E0061F7A1 /* SpinnerView.swift */; };
		04B00DF421E631F900247AF0 /* DroppablePin.swift in Sources */ = {isa = PBXBuildFile; fileRef = 04B00DF321E631F900247AF0 /* DroppablePin.swift */; };
		04B3766021CE575B00784506 /* AppDelegate.swift in Sources */ = {isa = PBXBuildFile; fileRef = 04B3765F21CE575B00784506 /* AppDelegate.swift */; };
		04B3766221CE575B00784506 /* SignInVC.swift in Sources */ = {isa = PBXBuildFile; fileRef = 04B3766121CE575B00784506 /* SignInVC.swift */; };
		04B3766521CE575B00784506 /* Auth.storyboard in Resources */ = {isa = PBXBuildFile; fileRef = 04B3766321CE575B00784506 /* Auth.storyboard */; };
		04B3766721CE576300784506 /* Assets.xcassets in Resources */ = {isa = PBXBuildFile; fileRef = 04B3766621CE576300784506 /* Assets.xcassets */; };
		04B3766A21CE576300784506 /* LaunchScreen.storyboard in Resources */ = {isa = PBXBuildFile; fileRef = 04B3766821CE576300784506 /* LaunchScreen.storyboard */; };
		04B3767521CE576400784506 /* ConflateTests.swift in Sources */ = {isa = PBXBuildFile; fileRef = 04B3767421CE576400784506 /* ConflateTests.swift */; };
		04B3768421CE8AC300784506 /* GradientView.swift in Sources */ = {isa = PBXBuildFile; fileRef = 04B3768321CE8AC300784506 /* GradientView.swift */; };
		04B3768621CEA19500784506 /* GoogleService-Info.plist in Resources */ = {isa = PBXBuildFile; fileRef = 04B3768521CEA19400784506 /* GoogleService-Info.plist */; };
		04F6040A21E4C1910099A1B6 /* PopUpVC.swift in Sources */ = {isa = PBXBuildFile; fileRef = 04F6040921E4C1910099A1B6 /* PopUpVC.swift */; };
		04F6040C21E4CEFF0099A1B6 /* Category.swift in Sources */ = {isa = PBXBuildFile; fileRef = 04F6040B21E4CEFF0099A1B6 /* Category.swift */; };
		04F6040E21E4DABC0099A1B6 /* CategoryCell.swift in Sources */ = {isa = PBXBuildFile; fileRef = 04F6040D21E4DABC0099A1B6 /* CategoryCell.swift */; };
		04F9C34621D0F9E200CCFB00 /* AuthViewModel.swift in Sources */ = {isa = PBXBuildFile; fileRef = 04F9C34521D0F9E200CCFB00 /* AuthViewModel.swift */; };
		04F9C34821D10D5700CCFB00 /* UIViewController+hideKeyboard.swift in Sources */ = {isa = PBXBuildFile; fileRef = 04F9C34721D10D5700CCFB00 /* UIViewController+hideKeyboard.swift */; };
		04FC43BB21DBDD44002D8683 /* MapVC.swift in Sources */ = {isa = PBXBuildFile; fileRef = 04FC43BA21DBDD44002D8683 /* MapVC.swift */; };
		04FC43BD21DBE42B002D8683 /* ConflateTabBarController.swift in Sources */ = {isa = PBXBuildFile; fileRef = 04FC43BC21DBE42B002D8683 /* ConflateTabBarController.swift */; };
		11FF1D3E2504BBC1F2A6F7A1 /* Pods_Conflate.framework in Frameworks */ = {isa = PBXBuildFile; fileRef = 1FE278C4DAFD7F85B0A2CBB2 /* Pods_Conflate.framework */; };
		7F3C638E2526D0D2A061DA0D /* Pods_ConflateTests.framework in Frameworks */ = {isa = PBXBuildFile; fileRef = 069A02F18CCAC6B9CC5C6429 /* Pods_ConflateTests.framework */; };
		E551ACFE21DB90730055D494 /* User.swift in Sources */ = {isa = PBXBuildFile; fileRef = E551ACFD21DB90730055D494 /* User.swift */; };
		E551AD0021DB90850055D494 /* FirebaseUser.swift in Sources */ = {isa = PBXBuildFile; fileRef = E551ACFF21DB90850055D494 /* FirebaseUser.swift */; };
		E551AD2021DCEE610055D494 /* Post.swift in Sources */ = {isa = PBXBuildFile; fileRef = E551AD1F21DCEE610055D494 /* Post.swift */; };
		E551AD2221DCEEB70055D494 /* Encodable+toDictionary.swift in Sources */ = {isa = PBXBuildFile; fileRef = E551AD2121DCEEB70055D494 /* Encodable+toDictionary.swift */; };
		E585015121D2AD9C00FCEFBB /* Main.storyboard in Resources */ = {isa = PBXBuildFile; fileRef = E585015021D2AD9C00FCEFBB /* Main.storyboard */; };
		E59E1F1321E406CF004BC40A /* UIView+CenterInSuperView.swift in Sources */ = {isa = PBXBuildFile; fileRef = E59E1F1221E406CF004BC40A /* UIView+CenterInSuperView.swift */; };
		E5FD211B21D16CFC003A9E4A /* Constants.swift in Sources */ = {isa = PBXBuildFile; fileRef = E5FD211A21D16CFC003A9E4A /* Constants.swift */; };
		E5FD211D21D16E0F003A9E4A /* UITextField+ErrorBorder.swift in Sources */ = {isa = PBXBuildFile; fileRef = E5FD211C21D16E0F003A9E4A /* UITextField+ErrorBorder.swift */; };
/* End PBXBuildFile section */

/* Begin PBXContainerItemProxy section */
		04B3767121CE576400784506 /* PBXContainerItemProxy */ = {
			isa = PBXContainerItemProxy;
			containerPortal = 04B3765421CE575B00784506 /* Project object */;
			proxyType = 1;
			remoteGlobalIDString = 04B3765B21CE575B00784506;
			remoteInfo = Conflate;
		};
/* End PBXContainerItemProxy section */

/* Begin PBXFileReference section */
		0424B22021D5609E0005E3C3 /* AuthService.swift */ = {isa = PBXFileReference; lastKnownFileType = sourcecode.swift; path = AuthService.swift; sourceTree = "<group>"; };
		0424B22621D66BE50005E3C3 /* CustomTextField.swift */ = {isa = PBXFileReference; lastKnownFileType = sourcecode.swift; path = CustomTextField.swift; sourceTree = "<group>"; };
		0424B22821D66CE00005E3C3 /* UITextField+Button.swift */ = {isa = PBXFileReference; lastKnownFileType = sourcecode.swift; path = "UITextField+Button.swift"; sourceTree = "<group>"; };
		0424B22A21D679440005E3C3 /* ForgotPasswordVC.swift */ = {isa = PBXFileReference; lastKnownFileType = sourcecode.swift; path = ForgotPasswordVC.swift; sourceTree = "<group>"; };
		0424B22C21D688C90005E3C3 /* UIViewController+Spinner.swift */ = {isa = PBXFileReference; lastKnownFileType = sourcecode.swift; path = "UIViewController+Spinner.swift"; sourceTree = "<group>"; };
		0424B22E21D692250005E3C3 /* UIViewController+Alert.swift */ = {isa = PBXFileReference; lastKnownFileType = sourcecode.swift; path = "UIViewController+Alert.swift"; sourceTree = "<group>"; };
		042DC18821DCFD98000F7114 /* PostViewModel.swift */ = {isa = PBXFileReference; lastKnownFileType = sourcecode.swift; path = PostViewModel.swift; sourceTree = "<group>"; };
		042DC18A21DCFE23000F7114 /* PostService.swift */ = {isa = PBXFileReference; lastKnownFileType = sourcecode.swift; path = PostService.swift; sourceTree = "<group>"; };
		042DC18E21DE74D4000F7114 /* PostInfoVC.swift */ = {isa = PBXFileReference; lastKnownFileType = sourcecode.swift; path = PostInfoVC.swift; sourceTree = "<group>"; };
		042DC18F21DE74D4000F7114 /* PostInfoVC.xib */ = {isa = PBXFileReference; lastKnownFileType = file.xib; path = PostInfoVC.xib; sourceTree = "<group>"; };
		042DC19321DE9996000F7114 /* AllPostsVC.swift */ = {isa = PBXFileReference; lastKnownFileType = sourcecode.swift; path = AllPostsVC.swift; sourceTree = "<group>"; };
		042DC19521DE9A8B000F7114 /* PostTableViewCell.swift */ = {isa = PBXFileReference; lastKnownFileType = sourcecode.swift; path = PostTableViewCell.swift; sourceTree = "<group>"; };
		044556C921D7B52000C474C1 /* UserService.swift */ = {isa = PBXFileReference; lastKnownFileType = sourcecode.swift; path = UserService.swift; sourceTree = "<group>"; };
		044556CB21D7B53800C474C1 /* FirebaseService.swift */ = {isa = PBXFileReference; lastKnownFileType = sourcecode.swift; path = FirebaseService.swift; sourceTree = "<group>"; };
		044556D121DBA71F00C474C1 /* AddPostVC.swift */ = {isa = PBXFileReference; lastKnownFileType = sourcecode.swift; path = AddPostVC.swift; sourceTree = "<group>"; };
		04763B3E21D0E60300421DA0 /* FirebaseAuthService.swift */ = {isa = PBXFileReference; lastKnownFileType = sourcecode.swift; path = FirebaseAuthService.swift; sourceTree = "<group>"; };
		04763B4221D0ED3200421DA0 /* SignUpVC.swift */ = {isa = PBXFileReference; lastKnownFileType = sourcecode.swift; path = SignUpVC.swift; sourceTree = "<group>"; };
		049EC90421E3C9CA0061F7A1 /* TableView+GetIndexPath.swift */ = {isa = PBXFileReference; lastKnownFileType = sourcecode.swift; path = "TableView+GetIndexPath.swift"; sourceTree = "<group>"; };
		049EC90821E3F25E0061F7A1 /* SpinnerView.swift */ = {isa = PBXFileReference; lastKnownFileType = sourcecode.swift; path = SpinnerView.swift; sourceTree = "<group>"; };
		04B00DF321E631F900247AF0 /* DroppablePin.swift */ = {isa = PBXFileReference; lastKnownFileType = sourcecode.swift; path = DroppablePin.swift; sourceTree = "<group>"; };
		04B3765C21CE575B00784506 /* Conflate.app */ = {isa = PBXFileReference; explicitFileType = wrapper.application; includeInIndex = 0; path = Conflate.app; sourceTree = BUILT_PRODUCTS_DIR; };
		04B3765F21CE575B00784506 /* AppDelegate.swift */ = {isa = PBXFileReference; lastKnownFileType = sourcecode.swift; path = AppDelegate.swift; sourceTree = "<group>"; };
		04B3766121CE575B00784506 /* SignInVC.swift */ = {isa = PBXFileReference; lastKnownFileType = sourcecode.swift; path = SignInVC.swift; sourceTree = "<group>"; };
		04B3766421CE575B00784506 /* Base */ = {isa = PBXFileReference; lastKnownFileType = file.storyboard; name = Base; path = Base.lproj/Auth.storyboard; sourceTree = "<group>"; };
		04B3766621CE576300784506 /* Assets.xcassets */ = {isa = PBXFileReference; lastKnownFileType = folder.assetcatalog; path = Assets.xcassets; sourceTree = "<group>"; };
		04B3766921CE576300784506 /* Base */ = {isa = PBXFileReference; lastKnownFileType = file.storyboard; name = Base; path = Base.lproj/LaunchScreen.storyboard; sourceTree = "<group>"; };
		04B3766B21CE576300784506 /* Info.plist */ = {isa = PBXFileReference; lastKnownFileType = text.plist.xml; path = Info.plist; sourceTree = "<group>"; };
		04B3767021CE576400784506 /* ConflateTests.xctest */ = {isa = PBXFileReference; explicitFileType = wrapper.cfbundle; includeInIndex = 0; path = ConflateTests.xctest; sourceTree = BUILT_PRODUCTS_DIR; };
		04B3767421CE576400784506 /* ConflateTests.swift */ = {isa = PBXFileReference; lastKnownFileType = sourcecode.swift; path = ConflateTests.swift; sourceTree = "<group>"; };
		04B3767621CE576400784506 /* Info.plist */ = {isa = PBXFileReference; lastKnownFileType = text.plist.xml; path = Info.plist; sourceTree = "<group>"; };
		04B3768321CE8AC300784506 /* GradientView.swift */ = {isa = PBXFileReference; lastKnownFileType = sourcecode.swift; path = GradientView.swift; sourceTree = "<group>"; };
		04B3768521CEA19400784506 /* GoogleService-Info.plist */ = {isa = PBXFileReference; fileEncoding = 4; lastKnownFileType = text.plist.xml; path = "GoogleService-Info.plist"; sourceTree = "<group>"; };
		04F6040921E4C1910099A1B6 /* PopUpVC.swift */ = {isa = PBXFileReference; lastKnownFileType = sourcecode.swift; path = PopUpVC.swift; sourceTree = "<group>"; };
		04F6040B21E4CEFF0099A1B6 /* Category.swift */ = {isa = PBXFileReference; lastKnownFileType = sourcecode.swift; path = Category.swift; sourceTree = "<group>"; };
		04F6040D21E4DABC0099A1B6 /* CategoryCell.swift */ = {isa = PBXFileReference; lastKnownFileType = sourcecode.swift; path = CategoryCell.swift; sourceTree = "<group>"; };
		04F9C34521D0F9E200CCFB00 /* AuthViewModel.swift */ = {isa = PBXFileReference; lastKnownFileType = sourcecode.swift; path = AuthViewModel.swift; sourceTree = "<group>"; };
		04F9C34721D10D5700CCFB00 /* UIViewController+hideKeyboard.swift */ = {isa = PBXFileReference; lastKnownFileType = sourcecode.swift; path = "UIViewController+hideKeyboard.swift"; sourceTree = "<group>"; };
		04FC43BA21DBDD44002D8683 /* MapVC.swift */ = {isa = PBXFileReference; lastKnownFileType = sourcecode.swift; path = MapVC.swift; sourceTree = "<group>"; };
		04FC43BC21DBE42B002D8683 /* ConflateTabBarController.swift */ = {isa = PBXFileReference; lastKnownFileType = sourcecode.swift; path = ConflateTabBarController.swift; sourceTree = "<group>"; };
		069A02F18CCAC6B9CC5C6429 /* Pods_ConflateTests.framework */ = {isa = PBXFileReference; explicitFileType = wrapper.framework; includeInIndex = 0; path = Pods_ConflateTests.framework; sourceTree = BUILT_PRODUCTS_DIR; };
		1FE278C4DAFD7F85B0A2CBB2 /* Pods_Conflate.framework */ = {isa = PBXFileReference; explicitFileType = wrapper.framework; includeInIndex = 0; path = Pods_Conflate.framework; sourceTree = BUILT_PRODUCTS_DIR; };
		244088A1F0E14B3B213E8D84 /* Pods-Conflate.debug.xcconfig */ = {isa = PBXFileReference; includeInIndex = 1; lastKnownFileType = text.xcconfig; name = "Pods-Conflate.debug.xcconfig"; path = "Pods/Target Support Files/Pods-Conflate/Pods-Conflate.debug.xcconfig"; sourceTree = "<group>"; };
		8A9BBE3E0F9D346A998FC40F /* Pods-ConflateTests.release.xcconfig */ = {isa = PBXFileReference; includeInIndex = 1; lastKnownFileType = text.xcconfig; name = "Pods-ConflateTests.release.xcconfig"; path = "Pods/Target Support Files/Pods-ConflateTests/Pods-ConflateTests.release.xcconfig"; sourceTree = "<group>"; };
		DE5E9939DFBC3F0DFB937B97 /* Pods-Conflate.release.xcconfig */ = {isa = PBXFileReference; includeInIndex = 1; lastKnownFileType = text.xcconfig; name = "Pods-Conflate.release.xcconfig"; path = "Pods/Target Support Files/Pods-Conflate/Pods-Conflate.release.xcconfig"; sourceTree = "<group>"; };
		E551ACFD21DB90730055D494 /* User.swift */ = {isa = PBXFileReference; lastKnownFileType = sourcecode.swift; path = User.swift; sourceTree = "<group>"; };
		E551ACFF21DB90850055D494 /* FirebaseUser.swift */ = {isa = PBXFileReference; lastKnownFileType = sourcecode.swift; path = FirebaseUser.swift; sourceTree = "<group>"; };
		E551AD1F21DCEE610055D494 /* Post.swift */ = {isa = PBXFileReference; lastKnownFileType = sourcecode.swift; path = Post.swift; sourceTree = "<group>"; };
		E551AD2121DCEEB70055D494 /* Encodable+toDictionary.swift */ = {isa = PBXFileReference; lastKnownFileType = sourcecode.swift; path = "Encodable+toDictionary.swift"; sourceTree = "<group>"; };
		E585015021D2AD9C00FCEFBB /* Main.storyboard */ = {isa = PBXFileReference; lastKnownFileType = file.storyboard; path = Main.storyboard; sourceTree = "<group>"; };
		E59E1F1221E406CF004BC40A /* UIView+CenterInSuperView.swift */ = {isa = PBXFileReference; lastKnownFileType = sourcecode.swift; path = "UIView+CenterInSuperView.swift"; sourceTree = "<group>"; };
		E5FD211A21D16CFC003A9E4A /* Constants.swift */ = {isa = PBXFileReference; lastKnownFileType = sourcecode.swift; path = Constants.swift; sourceTree = "<group>"; };
		E5FD211C21D16E0F003A9E4A /* UITextField+ErrorBorder.swift */ = {isa = PBXFileReference; lastKnownFileType = sourcecode.swift; path = "UITextField+ErrorBorder.swift"; sourceTree = "<group>"; };
		F3208DFE4742E8CABFEEDDB2 /* Pods-ConflateTests.debug.xcconfig */ = {isa = PBXFileReference; includeInIndex = 1; lastKnownFileType = text.xcconfig; name = "Pods-ConflateTests.debug.xcconfig"; path = "Pods/Target Support Files/Pods-ConflateTests/Pods-ConflateTests.debug.xcconfig"; sourceTree = "<group>"; };
/* End PBXFileReference section */

/* Begin PBXFrameworksBuildPhase section */
		04B3765921CE575B00784506 /* Frameworks */ = {
			isa = PBXFrameworksBuildPhase;
			buildActionMask = 2147483647;
			files = (
				11FF1D3E2504BBC1F2A6F7A1 /* Pods_Conflate.framework in Frameworks */,
			);
			runOnlyForDeploymentPostprocessing = 0;
		};
		04B3766D21CE576400784506 /* Frameworks */ = {
			isa = PBXFrameworksBuildPhase;
			buildActionMask = 2147483647;
			files = (
				7F3C638E2526D0D2A061DA0D /* Pods_ConflateTests.framework in Frameworks */,
			);
			runOnlyForDeploymentPostprocessing = 0;
		};
/* End PBXFrameworksBuildPhase section */

/* Begin PBXGroup section */
		042DC19221DE74DF000F7114 /* XIBs */ = {
			isa = PBXGroup;
			children = (
				042DC18F21DE74D4000F7114 /* PostInfoVC.xib */,
			);
			path = XIBs;
			sourceTree = "<group>";
		};
		04763B3D21D0E59A00421DA0 /* Services */ = {
			isa = PBXGroup;
			children = (
				04763B3E21D0E60300421DA0 /* FirebaseAuthService.swift */,
				044556CB21D7B53800C474C1 /* FirebaseService.swift */,
				0424B22021D5609E0005E3C3 /* AuthService.swift */,
				044556C921D7B52000C474C1 /* UserService.swift */,
				042DC18A21DCFE23000F7114 /* PostService.swift */,
			);
			path = Services;
			sourceTree = "<group>";
		};
		04B3765321CE575B00784506 = {
			isa = PBXGroup;
			children = (
				04B3765E21CE575B00784506 /* Conflate */,
				04B3767321CE576400784506 /* ConflateTests */,
				04B3765D21CE575B00784506 /* Products */,
				556DC361BEFF6A902015A8CD /* Pods */,
				9F482AD527ECD44AA41268BA /* Frameworks */,
			);
			sourceTree = "<group>";
		};
		04B3765D21CE575B00784506 /* Products */ = {
			isa = PBXGroup;
			children = (
				04B3765C21CE575B00784506 /* Conflate.app */,
				04B3767021CE576400784506 /* ConflateTests.xctest */,
			);
			name = Products;
			sourceTree = "<group>";
		};
		04B3765E21CE575B00784506 /* Conflate */ = {
			isa = PBXGroup;
			children = (
				04763B3D21D0E59A00421DA0 /* Services */,
				04B3768221CE57F800784506 /* ViewModel */,
				E551ACFC21DB90520055D494 /* Model */,
				04B3767F21CE577D00784506 /* View */,
				04B3768021CE578E00784506 /* ViewController */,
				042DC19221DE74DF000F7114 /* XIBs */,
				E5FD211921D16CCA003A9E4A /* Utils */,
				E585014F21D2AD7B00FCEFBB /* Storyboards */,
				04B3765F21CE575B00784506 /* AppDelegate.swift */,
				04B3766621CE576300784506 /* Assets.xcassets */,
				04B3766B21CE576300784506 /* Info.plist */,
				04B3768521CEA19400784506 /* GoogleService-Info.plist */,
			);
			path = Conflate;
			sourceTree = "<group>";
		};
		04B3767321CE576400784506 /* ConflateTests */ = {
			isa = PBXGroup;
			children = (
				04B3767421CE576400784506 /* ConflateTests.swift */,
				04B3767621CE576400784506 /* Info.plist */,
			);
			path = ConflateTests;
			sourceTree = "<group>";
		};
		04B3767F21CE577D00784506 /* View */ = {
			isa = PBXGroup;
			children = (
				04B3768321CE8AC300784506 /* GradientView.swift */,
				0424B22621D66BE50005E3C3 /* CustomTextField.swift */,
				042DC19521DE9A8B000F7114 /* PostTableViewCell.swift */,
				049EC90821E3F25E0061F7A1 /* SpinnerView.swift */,
				04F6040D21E4DABC0099A1B6 /* CategoryCell.swift */,
				04B00DF321E631F900247AF0 /* DroppablePin.swift */,
			);
			path = View;
			sourceTree = "<group>";
		};
		04B3768021CE578E00784506 /* ViewController */ = {
			isa = PBXGroup;
			children = (
				04B3766121CE575B00784506 /* SignInVC.swift */,
				04763B4221D0ED3200421DA0 /* SignUpVC.swift */,
				0424B22A21D679440005E3C3 /* ForgotPasswordVC.swift */,
				04FC43BC21DBE42B002D8683 /* ConflateTabBarController.swift */,
				044556D121DBA71F00C474C1 /* AddPostVC.swift */,
				04FC43BA21DBDD44002D8683 /* MapVC.swift */,
				042DC19321DE9996000F7114 /* AllPostsVC.swift */,
				042DC18E21DE74D4000F7114 /* PostInfoVC.swift */,
				04F6040921E4C1910099A1B6 /* PopUpVC.swift */,
			);
			path = ViewController;
			sourceTree = "<group>";
		};
		04B3768221CE57F800784506 /* ViewModel */ = {
			isa = PBXGroup;
			children = (
				04F9C34521D0F9E200CCFB00 /* AuthViewModel.swift */,
				042DC18821DCFD98000F7114 /* PostViewModel.swift */,
			);
			path = ViewModel;
			sourceTree = "<group>";
		};
		556DC361BEFF6A902015A8CD /* Pods */ = {
			isa = PBXGroup;
			children = (
				244088A1F0E14B3B213E8D84 /* Pods-Conflate.debug.xcconfig */,
				DE5E9939DFBC3F0DFB937B97 /* Pods-Conflate.release.xcconfig */,
				F3208DFE4742E8CABFEEDDB2 /* Pods-ConflateTests.debug.xcconfig */,
				8A9BBE3E0F9D346A998FC40F /* Pods-ConflateTests.release.xcconfig */,
			);
			name = Pods;
			sourceTree = "<group>";
		};
		9F482AD527ECD44AA41268BA /* Frameworks */ = {
			isa = PBXGroup;
			children = (
				1FE278C4DAFD7F85B0A2CBB2 /* Pods_Conflate.framework */,
				069A02F18CCAC6B9CC5C6429 /* Pods_ConflateTests.framework */,
			);
			name = Frameworks;
			sourceTree = "<group>";
		};
		E551ACFC21DB90520055D494 /* Model */ = {
			isa = PBXGroup;
			children = (
				E551ACFD21DB90730055D494 /* User.swift */,
				E551ACFF21DB90850055D494 /* FirebaseUser.swift */,
				E551AD1F21DCEE610055D494 /* Post.swift */,
				04F6040B21E4CEFF0099A1B6 /* Category.swift */,
			);
			path = Model;
			sourceTree = "<group>";
		};
		E585014F21D2AD7B00FCEFBB /* Storyboards */ = {
			isa = PBXGroup;
			children = (
				04B3766321CE575B00784506 /* Auth.storyboard */,
				04B3766821CE576300784506 /* LaunchScreen.storyboard */,
				E585015021D2AD9C00FCEFBB /* Main.storyboard */,
			);
			path = Storyboards;
			sourceTree = "<group>";
		};
		E5FD211921D16CCA003A9E4A /* Utils */ = {
			isa = PBXGroup;
			children = (
				E5FD211E21D16E34003A9E4A /* Extensions */,
				E5FD211A21D16CFC003A9E4A /* Constants.swift */,
			);
			path = Utils;
			sourceTree = "<group>";
		};
		E5FD211E21D16E34003A9E4A /* Extensions */ = {
			isa = PBXGroup;
			children = (
				E5FD211C21D16E0F003A9E4A /* UITextField+ErrorBorder.swift */,
				04F9C34721D10D5700CCFB00 /* UIViewController+hideKeyboard.swift */,
				0424B22821D66CE00005E3C3 /* UITextField+Button.swift */,
				0424B22C21D688C90005E3C3 /* UIViewController+Spinner.swift */,
				0424B22E21D692250005E3C3 /* UIViewController+Alert.swift */,
				E551AD2121DCEEB70055D494 /* Encodable+toDictionary.swift */,
				049EC90421E3C9CA0061F7A1 /* TableView+GetIndexPath.swift */,
				E59E1F1221E406CF004BC40A /* UIView+CenterInSuperView.swift */,
			);
			path = Extensions;
			sourceTree = "<group>";
		};
/* End PBXGroup section */

/* Begin PBXNativeTarget section */
		04B3765B21CE575B00784506 /* Conflate */ = {
			isa = PBXNativeTarget;
			buildConfigurationList = 04B3767921CE576400784506 /* Build configuration list for PBXNativeTarget "Conflate" */;
			buildPhases = (
				C350E0CB68DCFA6BC498115F /* [CP] Check Pods Manifest.lock */,
				04B3765821CE575B00784506 /* Sources */,
				04B3765921CE575B00784506 /* Frameworks */,
				04B3765A21CE575B00784506 /* Resources */,
				4658C4FB6A292B7191DF7ADF /* [CP] Embed Pods Frameworks */,
				08C5EEFD5C0511F01FCC2383 /* [CP] Copy Pods Resources */,
			);
			buildRules = (
			);
			dependencies = (
			);
			name = Conflate;
			productName = Conflate;
			productReference = 04B3765C21CE575B00784506 /* Conflate.app */;
			productType = "com.apple.product-type.application";
		};
		04B3766F21CE576400784506 /* ConflateTests */ = {
			isa = PBXNativeTarget;
			buildConfigurationList = 04B3767C21CE576400784506 /* Build configuration list for PBXNativeTarget "ConflateTests" */;
			buildPhases = (
				392E652F2E72D7595717629B /* [CP] Check Pods Manifest.lock */,
				04B3766C21CE576400784506 /* Sources */,
				04B3766D21CE576400784506 /* Frameworks */,
				04B3766E21CE576400784506 /* Resources */,
			);
			buildRules = (
			);
			dependencies = (
				04B3767221CE576400784506 /* PBXTargetDependency */,
			);
			name = ConflateTests;
			productName = ConflateTests;
			productReference = 04B3767021CE576400784506 /* ConflateTests.xctest */;
			productType = "com.apple.product-type.bundle.unit-test";
		};
/* End PBXNativeTarget section */

/* Begin PBXProject section */
		04B3765421CE575B00784506 /* Project object */ = {
			isa = PBXProject;
			attributes = {
				LastSwiftUpdateCheck = 1010;
				LastUpgradeCheck = 1010;
				ORGANIZATIONNAME = CO.KrystynaKruchcovska;
				TargetAttributes = {
					04B3765B21CE575B00784506 = {
						CreatedOnToolsVersion = 10.1;
					};
					04B3766F21CE576400784506 = {
						CreatedOnToolsVersion = 10.1;
						TestTargetID = 04B3765B21CE575B00784506;
					};
				};
			};
			buildConfigurationList = 04B3765721CE575B00784506 /* Build configuration list for PBXProject "Conflate" */;
			compatibilityVersion = "Xcode 9.3";
			developmentRegion = en;
			hasScannedForEncodings = 0;
			knownRegions = (
				en,
				Base,
			);
			mainGroup = 04B3765321CE575B00784506;
			productRefGroup = 04B3765D21CE575B00784506 /* Products */;
			projectDirPath = "";
			projectRoot = "";
			targets = (
				04B3765B21CE575B00784506 /* Conflate */,
				04B3766F21CE576400784506 /* ConflateTests */,
			);
		};
/* End PBXProject section */

/* Begin PBXResourcesBuildPhase section */
		04B3765A21CE575B00784506 /* Resources */ = {
			isa = PBXResourcesBuildPhase;
			buildActionMask = 2147483647;
			files = (
				04B3766A21CE576300784506 /* LaunchScreen.storyboard in Resources */,
				E585015121D2AD9C00FCEFBB /* Main.storyboard in Resources */,
				042DC19121DE74D4000F7114 /* PostInfoVC.xib in Resources */,
				04B3766721CE576300784506 /* Assets.xcassets in Resources */,
				04B3766521CE575B00784506 /* Auth.storyboard in Resources */,
				04B3768621CEA19500784506 /* GoogleService-Info.plist in Resources */,
			);
			runOnlyForDeploymentPostprocessing = 0;
		};
		04B3766E21CE576400784506 /* Resources */ = {
			isa = PBXResourcesBuildPhase;
			buildActionMask = 2147483647;
			files = (
			);
			runOnlyForDeploymentPostprocessing = 0;
		};
/* End PBXResourcesBuildPhase section */

/* Begin PBXShellScriptBuildPhase section */
		08C5EEFD5C0511F01FCC2383 /* [CP] Copy Pods Resources */ = {
			isa = PBXShellScriptBuildPhase;
			buildActionMask = 2147483647;
			files = (
			);
			inputFileListPaths = (
			);
			inputPaths = (
				"${SRCROOT}/Pods/Target Support Files/Pods-Conflate/Pods-Conflate-resources.sh",
				"${PODS_CONFIGURATION_BUILD_DIR}/FirebaseUI/FirebaseAuthUI.bundle",
				"${PODS_CONFIGURATION_BUILD_DIR}/FirebaseUI/FirebaseFacebookAuthUI.bundle",
			);
			name = "[CP] Copy Pods Resources";
			outputFileListPaths = (
			);
			outputPaths = (
				"${TARGET_BUILD_DIR}/${UNLOCALIZED_RESOURCES_FOLDER_PATH}/FirebaseAuthUI.bundle",
				"${TARGET_BUILD_DIR}/${UNLOCALIZED_RESOURCES_FOLDER_PATH}/FirebaseFacebookAuthUI.bundle",
			);
			runOnlyForDeploymentPostprocessing = 0;
			shellPath = /bin/sh;
			shellScript = "\"${SRCROOT}/Pods/Target Support Files/Pods-Conflate/Pods-Conflate-resources.sh\"\n";
			showEnvVarsInLog = 0;
		};
		392E652F2E72D7595717629B /* [CP] Check Pods Manifest.lock */ = {
			isa = PBXShellScriptBuildPhase;
			buildActionMask = 2147483647;
			files = (
			);
			inputFileListPaths = (
			);
			inputPaths = (
				"${PODS_PODFILE_DIR_PATH}/Podfile.lock",
				"${PODS_ROOT}/Manifest.lock",
			);
			name = "[CP] Check Pods Manifest.lock";
			outputFileListPaths = (
			);
			outputPaths = (
				"$(DERIVED_FILE_DIR)/Pods-ConflateTests-checkManifestLockResult.txt",
			);
			runOnlyForDeploymentPostprocessing = 0;
			shellPath = /bin/sh;
			shellScript = "diff \"${PODS_PODFILE_DIR_PATH}/Podfile.lock\" \"${PODS_ROOT}/Manifest.lock\" > /dev/null\nif [ $? != 0 ] ; then\n    # print error to STDERR\n    echo \"error: The sandbox is not in sync with the Podfile.lock. Run 'pod install' or update your CocoaPods installation.\" >&2\n    exit 1\nfi\n# This output is used by Xcode 'outputs' to avoid re-running this script phase.\necho \"SUCCESS\" > \"${SCRIPT_OUTPUT_FILE_0}\"\n";
			showEnvVarsInLog = 0;
		};
		4658C4FB6A292B7191DF7ADF /* [CP] Embed Pods Frameworks */ = {
			isa = PBXShellScriptBuildPhase;
			buildActionMask = 2147483647;
			files = (
			);
			inputFileListPaths = (
			);
			inputPaths = (
				"${SRCROOT}/Pods/Target Support Files/Pods-Conflate/Pods-Conflate-frameworks.sh",
				"${BUILT_PRODUCTS_DIR}/Bolts/Bolts.framework",
				"${BUILT_PRODUCTS_DIR}/FBSDKCoreKit/FBSDKCoreKit.framework",
				"${BUILT_PRODUCTS_DIR}/FBSDKLoginKit/FBSDKLoginKit.framework",
				"${BUILT_PRODUCTS_DIR}/GTMSessionFetcher/GTMSessionFetcher.framework",
				"${BUILT_PRODUCTS_DIR}/GoogleUtilities/GoogleUtilities.framework",
				"${BUILT_PRODUCTS_DIR}/leveldb-library/leveldb.framework",
				"${BUILT_PRODUCTS_DIR}/nanopb/nanopb.framework",
			);
			name = "[CP] Embed Pods Frameworks";
			outputFileListPaths = (
			);
			outputPaths = (
				"${TARGET_BUILD_DIR}/${FRAMEWORKS_FOLDER_PATH}/Bolts.framework",
				"${TARGET_BUILD_DIR}/${FRAMEWORKS_FOLDER_PATH}/FBSDKCoreKit.framework",
				"${TARGET_BUILD_DIR}/${FRAMEWORKS_FOLDER_PATH}/FBSDKLoginKit.framework",
				"${TARGET_BUILD_DIR}/${FRAMEWORKS_FOLDER_PATH}/GTMSessionFetcher.framework",
				"${TARGET_BUILD_DIR}/${FRAMEWORKS_FOLDER_PATH}/GoogleUtilities.framework",
				"${TARGET_BUILD_DIR}/${FRAMEWORKS_FOLDER_PATH}/leveldb.framework",
				"${TARGET_BUILD_DIR}/${FRAMEWORKS_FOLDER_PATH}/nanopb.framework",
			);
			runOnlyForDeploymentPostprocessing = 0;
			shellPath = /bin/sh;
			shellScript = "\"${SRCROOT}/Pods/Target Support Files/Pods-Conflate/Pods-Conflate-frameworks.sh\"\n";
			showEnvVarsInLog = 0;
		};
		C350E0CB68DCFA6BC498115F /* [CP] Check Pods Manifest.lock */ = {
			isa = PBXShellScriptBuildPhase;
			buildActionMask = 2147483647;
			files = (
			);
			inputFileListPaths = (
			);
			inputPaths = (
				"${PODS_PODFILE_DIR_PATH}/Podfile.lock",
				"${PODS_ROOT}/Manifest.lock",
			);
			name = "[CP] Check Pods Manifest.lock";
			outputFileListPaths = (
			);
			outputPaths = (
				"$(DERIVED_FILE_DIR)/Pods-Conflate-checkManifestLockResult.txt",
			);
			runOnlyForDeploymentPostprocessing = 0;
			shellPath = /bin/sh;
			shellScript = "diff \"${PODS_PODFILE_DIR_PATH}/Podfile.lock\" \"${PODS_ROOT}/Manifest.lock\" > /dev/null\nif [ $? != 0 ] ; then\n    # print error to STDERR\n    echo \"error: The sandbox is not in sync with the Podfile.lock. Run 'pod install' or update your CocoaPods installation.\" >&2\n    exit 1\nfi\n# This output is used by Xcode 'outputs' to avoid re-running this script phase.\necho \"SUCCESS\" > \"${SCRIPT_OUTPUT_FILE_0}\"\n";
			showEnvVarsInLog = 0;
		};
/* End PBXShellScriptBuildPhase section */

/* Begin PBXSourcesBuildPhase section */
		04B3765821CE575B00784506 /* Sources */ = {
			isa = PBXSourcesBuildPhase;
			buildActionMask = 2147483647;
			files = (
				E5FD211D21D16E0F003A9E4A /* UITextField+ErrorBorder.swift in Sources */,
				04F6040A21E4C1910099A1B6 /* PopUpVC.swift in Sources */,
				0424B22721D66BE60005E3C3 /* CustomTextField.swift in Sources */,
				042DC19021DE74D4000F7114 /* PostInfoVC.swift in Sources */,
				044556D221DBA71F00C474C1 /* AddPostVC.swift in Sources */,
				04F6040C21E4CEFF0099A1B6 /* Category.swift in Sources */,
				04B3766221CE575B00784506 /* SignInVC.swift in Sources */,
				042DC19621DE9A8B000F7114 /* PostTableViewCell.swift in Sources */,
				049EC90921E3F25E0061F7A1 /* SpinnerView.swift in Sources */,
				044556CC21D7B53800C474C1 /* FirebaseService.swift in Sources */,
				04F9C34821D10D5700CCFB00 /* UIViewController+hideKeyboard.swift in Sources */,
				E551AD2021DCEE610055D494 /* Post.swift in Sources */,
				0424B22F21D692250005E3C3 /* UIViewController+Alert.swift in Sources */,
				04B00DF421E631F900247AF0 /* DroppablePin.swift in Sources */,
				049EC90521E3C9CA0061F7A1 /* TableView+GetIndexPath.swift in Sources */,
				04B3766021CE575B00784506 /* AppDelegate.swift in Sources */,
				042DC19421DE9996000F7114 /* AllPostsVC.swift in Sources */,
				0424B22921D66CE00005E3C3 /* UITextField+Button.swift in Sources */,
				0424B22D21D688CA0005E3C3 /* UIViewController+Spinner.swift in Sources */,
				04B3768421CE8AC300784506 /* GradientView.swift in Sources */,
				04FC43BB21DBDD44002D8683 /* MapVC.swift in Sources */,
				04763B4321D0ED3200421DA0 /* SignUpVC.swift in Sources */,
				0424B22B21D679440005E3C3 /* ForgotPasswordVC.swift in Sources */,
				04763B3F21D0E60400421DA0 /* FirebaseAuthService.swift in Sources */,
				04F6040E21E4DABC0099A1B6 /* CategoryCell.swift in Sources */,
				E551AD2221DCEEB70055D494 /* Encodable+toDictionary.swift in Sources */,
				044556CA21D7B52000C474C1 /* UserService.swift in Sources */,
				E551ACFE21DB90730055D494 /* User.swift in Sources */,
				0424B22121D5609E0005E3C3 /* AuthService.swift in Sources */,
				E551AD0021DB90850055D494 /* FirebaseUser.swift in Sources */,
				042DC18B21DCFE23000F7114 /* PostService.swift in Sources */,
				042DC18921DCFD98000F7114 /* PostViewModel.swift in Sources */,
				04FC43BD21DBE42B002D8683 /* ConflateTabBarController.swift in Sources */,
				04F9C34621D0F9E200CCFB00 /* AuthViewModel.swift in Sources */,
				E5FD211B21D16CFC003A9E4A /* Constants.swift in Sources */,
				E59E1F1321E406CF004BC40A /* UIView+CenterInSuperView.swift in Sources */,
			);
			runOnlyForDeploymentPostprocessing = 0;
		};
		04B3766C21CE576400784506 /* Sources */ = {
			isa = PBXSourcesBuildPhase;
			buildActionMask = 2147483647;
			files = (
				04B3767521CE576400784506 /* ConflateTests.swift in Sources */,
			);
			runOnlyForDeploymentPostprocessing = 0;
		};
/* End PBXSourcesBuildPhase section */

/* Begin PBXTargetDependency section */
		04B3767221CE576400784506 /* PBXTargetDependency */ = {
			isa = PBXTargetDependency;
			target = 04B3765B21CE575B00784506 /* Conflate */;
			targetProxy = 04B3767121CE576400784506 /* PBXContainerItemProxy */;
		};
/* End PBXTargetDependency section */

/* Begin PBXVariantGroup section */
		04B3766321CE575B00784506 /* Auth.storyboard */ = {
			isa = PBXVariantGroup;
			children = (
				04B3766421CE575B00784506 /* Base */,
			);
			name = Auth.storyboard;
			sourceTree = "<group>";
		};
		04B3766821CE576300784506 /* LaunchScreen.storyboard */ = {
			isa = PBXVariantGroup;
			children = (
				04B3766921CE576300784506 /* Base */,
			);
			name = LaunchScreen.storyboard;
			sourceTree = "<group>";
		};
/* End PBXVariantGroup section */

/* Begin XCBuildConfiguration section */
		04B3767721CE576400784506 /* Debug */ = {
			isa = XCBuildConfiguration;
			buildSettings = {
				ALWAYS_SEARCH_USER_PATHS = NO;
				CLANG_ANALYZER_NONNULL = YES;
				CLANG_ANALYZER_NUMBER_OBJECT_CONVERSION = YES_AGGRESSIVE;
				CLANG_CXX_LANGUAGE_STANDARD = "gnu++14";
				CLANG_CXX_LIBRARY = "libc++";
				CLANG_ENABLE_MODULES = YES;
				CLANG_ENABLE_OBJC_ARC = YES;
				CLANG_ENABLE_OBJC_WEAK = YES;
				CLANG_WARN_BLOCK_CAPTURE_AUTORELEASING = YES;
				CLANG_WARN_BOOL_CONVERSION = YES;
				CLANG_WARN_COMMA = YES;
				CLANG_WARN_CONSTANT_CONVERSION = YES;
				CLANG_WARN_DEPRECATED_OBJC_IMPLEMENTATIONS = YES;
				CLANG_WARN_DIRECT_OBJC_ISA_USAGE = YES_ERROR;
				CLANG_WARN_DOCUMENTATION_COMMENTS = YES;
				CLANG_WARN_EMPTY_BODY = YES;
				CLANG_WARN_ENUM_CONVERSION = YES;
				CLANG_WARN_INFINITE_RECURSION = YES;
				CLANG_WARN_INT_CONVERSION = YES;
				CLANG_WARN_NON_LITERAL_NULL_CONVERSION = YES;
				CLANG_WARN_OBJC_IMPLICIT_RETAIN_SELF = YES;
				CLANG_WARN_OBJC_LITERAL_CONVERSION = YES;
				CLANG_WARN_OBJC_ROOT_CLASS = YES_ERROR;
				CLANG_WARN_RANGE_LOOP_ANALYSIS = YES;
				CLANG_WARN_STRICT_PROTOTYPES = YES;
				CLANG_WARN_SUSPICIOUS_MOVE = YES;
				CLANG_WARN_UNGUARDED_AVAILABILITY = YES_AGGRESSIVE;
				CLANG_WARN_UNREACHABLE_CODE = YES;
				CLANG_WARN__DUPLICATE_METHOD_MATCH = YES;
				CODE_SIGN_IDENTITY = "iPhone Developer";
				COPY_PHASE_STRIP = NO;
				DEBUG_INFORMATION_FORMAT = dwarf;
				ENABLE_STRICT_OBJC_MSGSEND = YES;
				ENABLE_TESTABILITY = YES;
				GCC_C_LANGUAGE_STANDARD = gnu11;
				GCC_DYNAMIC_NO_PIC = NO;
				GCC_NO_COMMON_BLOCKS = YES;
				GCC_OPTIMIZATION_LEVEL = 0;
				GCC_PREPROCESSOR_DEFINITIONS = (
					"DEBUG=1",
					"$(inherited)",
				);
				GCC_WARN_64_TO_32_BIT_CONVERSION = YES;
				GCC_WARN_ABOUT_RETURN_TYPE = YES_ERROR;
				GCC_WARN_UNDECLARED_SELECTOR = YES;
				GCC_WARN_UNINITIALIZED_AUTOS = YES_AGGRESSIVE;
				GCC_WARN_UNUSED_FUNCTION = YES;
				GCC_WARN_UNUSED_VARIABLE = YES;
				IPHONEOS_DEPLOYMENT_TARGET = 12.1;
				MTL_ENABLE_DEBUG_INFO = INCLUDE_SOURCE;
				MTL_FAST_MATH = YES;
				ONLY_ACTIVE_ARCH = YES;
				SDKROOT = iphoneos;
				SWIFT_ACTIVE_COMPILATION_CONDITIONS = DEBUG;
				SWIFT_OPTIMIZATION_LEVEL = "-Onone";
			};
			name = Debug;
		};
		04B3767821CE576400784506 /* Release */ = {
			isa = XCBuildConfiguration;
			buildSettings = {
				ALWAYS_SEARCH_USER_PATHS = NO;
				CLANG_ANALYZER_NONNULL = YES;
				CLANG_ANALYZER_NUMBER_OBJECT_CONVERSION = YES_AGGRESSIVE;
				CLANG_CXX_LANGUAGE_STANDARD = "gnu++14";
				CLANG_CXX_LIBRARY = "libc++";
				CLANG_ENABLE_MODULES = YES;
				CLANG_ENABLE_OBJC_ARC = YES;
				CLANG_ENABLE_OBJC_WEAK = YES;
				CLANG_WARN_BLOCK_CAPTURE_AUTORELEASING = YES;
				CLANG_WARN_BOOL_CONVERSION = YES;
				CLANG_WARN_COMMA = YES;
				CLANG_WARN_CONSTANT_CONVERSION = YES;
				CLANG_WARN_DEPRECATED_OBJC_IMPLEMENTATIONS = YES;
				CLANG_WARN_DIRECT_OBJC_ISA_USAGE = YES_ERROR;
				CLANG_WARN_DOCUMENTATION_COMMENTS = YES;
				CLANG_WARN_EMPTY_BODY = YES;
				CLANG_WARN_ENUM_CONVERSION = YES;
				CLANG_WARN_INFINITE_RECURSION = YES;
				CLANG_WARN_INT_CONVERSION = YES;
				CLANG_WARN_NON_LITERAL_NULL_CONVERSION = YES;
				CLANG_WARN_OBJC_IMPLICIT_RETAIN_SELF = YES;
				CLANG_WARN_OBJC_LITERAL_CONVERSION = YES;
				CLANG_WARN_OBJC_ROOT_CLASS = YES_ERROR;
				CLANG_WARN_RANGE_LOOP_ANALYSIS = YES;
				CLANG_WARN_STRICT_PROTOTYPES = YES;
				CLANG_WARN_SUSPICIOUS_MOVE = YES;
				CLANG_WARN_UNGUARDED_AVAILABILITY = YES_AGGRESSIVE;
				CLANG_WARN_UNREACHABLE_CODE = YES;
				CLANG_WARN__DUPLICATE_METHOD_MATCH = YES;
				CODE_SIGN_IDENTITY = "iPhone Developer";
				COPY_PHASE_STRIP = NO;
				DEBUG_INFORMATION_FORMAT = "dwarf-with-dsym";
				ENABLE_NS_ASSERTIONS = NO;
				ENABLE_STRICT_OBJC_MSGSEND = YES;
				GCC_C_LANGUAGE_STANDARD = gnu11;
				GCC_NO_COMMON_BLOCKS = YES;
				GCC_WARN_64_TO_32_BIT_CONVERSION = YES;
				GCC_WARN_ABOUT_RETURN_TYPE = YES_ERROR;
				GCC_WARN_UNDECLARED_SELECTOR = YES;
				GCC_WARN_UNINITIALIZED_AUTOS = YES_AGGRESSIVE;
				GCC_WARN_UNUSED_FUNCTION = YES;
				GCC_WARN_UNUSED_VARIABLE = YES;
				IPHONEOS_DEPLOYMENT_TARGET = 12.1;
				MTL_ENABLE_DEBUG_INFO = NO;
				MTL_FAST_MATH = YES;
				SDKROOT = iphoneos;
				SWIFT_COMPILATION_MODE = wholemodule;
				SWIFT_OPTIMIZATION_LEVEL = "-O";
				VALIDATE_PRODUCT = YES;
			};
			name = Release;
		};
		04B3767A21CE576400784506 /* Debug */ = {
			isa = XCBuildConfiguration;
			baseConfigurationReference = 244088A1F0E14B3B213E8D84 /* Pods-Conflate.debug.xcconfig */;
			buildSettings = {
				ASSETCATALOG_COMPILER_APPICON_NAME = AppIcon;
				CODE_SIGN_STYLE = Automatic;
				DEVELOPMENT_TEAM = V8ZG3WLBMM;
				INFOPLIST_FILE = Conflate/Info.plist;
				LD_RUNPATH_SEARCH_PATHS = (
					"$(inherited)",
					"@executable_path/Frameworks",
				);
				PRODUCT_BUNDLE_IDENTIFIER = com.KrystynaKruchkovska.Conflate;
				PRODUCT_NAME = "$(TARGET_NAME)";
				SWIFT_VERSION = 4.2;
				TARGETED_DEVICE_FAMILY = "1,2";
			};
			name = Debug;
		};
		04B3767B21CE576400784506 /* Release */ = {
			isa = XCBuildConfiguration;
			baseConfigurationReference = DE5E9939DFBC3F0DFB937B97 /* Pods-Conflate.release.xcconfig */;
			buildSettings = {
				ASSETCATALOG_COMPILER_APPICON_NAME = AppIcon;
				CODE_SIGN_STYLE = Automatic;
				DEVELOPMENT_TEAM = V8ZG3WLBMM;
				INFOPLIST_FILE = Conflate/Info.plist;
				LD_RUNPATH_SEARCH_PATHS = (
					"$(inherited)",
					"@executable_path/Frameworks",
				);
				PRODUCT_BUNDLE_IDENTIFIER = com.KrystynaKruchkovska.Conflate;
				PRODUCT_NAME = "$(TARGET_NAME)";
				SWIFT_VERSION = 4.2;
				TARGETED_DEVICE_FAMILY = "1,2";
			};
			name = Release;
		};
		04B3767D21CE576400784506 /* Debug */ = {
			isa = XCBuildConfiguration;
			baseConfigurationReference = F3208DFE4742E8CABFEEDDB2 /* Pods-ConflateTests.debug.xcconfig */;
			buildSettings = {
				ALWAYS_EMBED_SWIFT_STANDARD_LIBRARIES = YES;
				BUNDLE_LOADER = "$(TEST_HOST)";
				CODE_SIGN_STYLE = Automatic;
				DEVELOPMENT_TEAM = V8ZG3WLBMM;
				INFOPLIST_FILE = ConflateTests/Info.plist;
				LD_RUNPATH_SEARCH_PATHS = (
					"$(inherited)",
					"@executable_path/Frameworks",
					"@loader_path/Frameworks",
				);
				PRODUCT_BUNDLE_IDENTIFIER = com.KrystynaKruchkovska.ConflateTests;
				PRODUCT_NAME = "$(TARGET_NAME)";
				SWIFT_VERSION = 4.2;
				TARGETED_DEVICE_FAMILY = "1,2";
				TEST_HOST = "$(BUILT_PRODUCTS_DIR)/Conflate.app/Conflate";
			};
			name = Debug;
		};
		04B3767E21CE576400784506 /* Release */ = {
			isa = XCBuildConfiguration;
			baseConfigurationReference = 8A9BBE3E0F9D346A998FC40F /* Pods-ConflateTests.release.xcconfig */;
			buildSettings = {
				ALWAYS_EMBED_SWIFT_STANDARD_LIBRARIES = YES;
				BUNDLE_LOADER = "$(TEST_HOST)";
				CODE_SIGN_STYLE = Automatic;
				DEVELOPMENT_TEAM = V8ZG3WLBMM;
				INFOPLIST_FILE = ConflateTests/Info.plist;
				LD_RUNPATH_SEARCH_PATHS = (
					"$(inherited)",
					"@executable_path/Frameworks",
					"@loader_path/Frameworks",
				);
				PRODUCT_BUNDLE_IDENTIFIER = com.KrystynaKruchkovska.ConflateTests;
				PRODUCT_NAME = "$(TARGET_NAME)";
				SWIFT_VERSION = 4.2;
				TARGETED_DEVICE_FAMILY = "1,2";
				TEST_HOST = "$(BUILT_PRODUCTS_DIR)/Conflate.app/Conflate";
			};
			name = Release;
		};
/* End XCBuildConfiguration section */

/* Begin XCConfigurationList section */
		04B3765721CE575B00784506 /* Build configuration list for PBXProject "Conflate" */ = {
			isa = XCConfigurationList;
			buildConfigurations = (
				04B3767721CE576400784506 /* Debug */,
				04B3767821CE576400784506 /* Release */,
			);
			defaultConfigurationIsVisible = 0;
			defaultConfigurationName = Release;
		};
		04B3767921CE576400784506 /* Build configuration list for PBXNativeTarget "Conflate" */ = {
			isa = XCConfigurationList;
			buildConfigurations = (
				04B3767A21CE576400784506 /* Debug */,
				04B3767B21CE576400784506 /* Release */,
			);
			defaultConfigurationIsVisible = 0;
			defaultConfigurationName = Release;
		};
		04B3767C21CE576400784506 /* Build configuration list for PBXNativeTarget "ConflateTests" */ = {
			isa = XCConfigurationList;
			buildConfigurations = (
				04B3767D21CE576400784506 /* Debug */,
				04B3767E21CE576400784506 /* Release */,
			);
			defaultConfigurationIsVisible = 0;
			defaultConfigurationName = Release;
		};
/* End XCConfigurationList section */
	};
	rootObject = 04B3765421CE575B00784506 /* Project object */;
}
